// !$*UTF8*$!
{
	archiveVersion = 1;
	classes = {
	};
	objectVersion = 50;
	objects = {

/* Begin PBXBuildFile section */
		979302CB25B1729F00D5BCBD /* AppDelegate.swift in Sources */ = {isa = PBXBuildFile; fileRef = 979302CA25B1729F00D5BCBD /* AppDelegate.swift */; };
		979302CD25B1729F00D5BCBD /* SceneDelegate.swift in Sources */ = {isa = PBXBuildFile; fileRef = 979302CC25B1729F00D5BCBD /* SceneDelegate.swift */; };
		979302CF25B1729F00D5BCBD /* ViewController.swift in Sources */ = {isa = PBXBuildFile; fileRef = 979302CE25B1729F00D5BCBD /* ViewController.swift */; };
		979302D225B1729F00D5BCBD /* Main.storyboard in Resources */ = {isa = PBXBuildFile; fileRef = 979302D025B1729F00D5BCBD /* Main.storyboard */; };
		979302D425B172A400D5BCBD /* Assets.xcassets in Resources */ = {isa = PBXBuildFile; fileRef = 979302D325B172A400D5BCBD /* Assets.xcassets */; };
		979302D725B172A400D5BCBD /* LaunchScreen.storyboard in Resources */ = {isa = PBXBuildFile; fileRef = 979302D525B172A400D5BCBD /* LaunchScreen.storyboard */; };
/* End PBXBuildFile section */

/* Begin PBXFileReference section */
		979302C725B1729F00D5BCBD /* 仿作天天記帳app.app */ = {isa = PBXFileReference; explicitFileType = wrapper.application; includeInIndex = 0; path = "仿作天天記帳app.app"; sourceTree = BUILT_PRODUCTS_DIR; };
		979302CA25B1729F00D5BCBD /* AppDelegate.swift */ = {isa = PBXFileReference; lastKnownFileType = sourcecode.swift; path = AppDelegate.swift; sourceTree = "<group>"; };
		979302CC25B1729F00D5BCBD /* SceneDelegate.swift */ = {isa = PBXFileReference; lastKnownFileType = sourcecode.swift; path = SceneDelegate.swift; sourceTree = "<group>"; };
		979302CE25B1729F00D5BCBD /* ViewController.swift */ = {isa = PBXFileReference; lastKnownFileType = sourcecode.swift; path = ViewController.swift; sourceTree = "<group>"; };
		979302D125B1729F00D5BCBD /* Base */ = {isa = PBXFileReference; lastKnownFileType = file.storyboard; name = Base; path = Base.lproj/Main.storyboard; sourceTree = "<group>"; };
		979302D325B172A400D5BCBD /* Assets.xcassets */ = {isa = PBXFileReference; lastKnownFileType = folder.assetcatalog; path = Assets.xcassets; sourceTree = "<group>"; };
		979302D625B172A400D5BCBD /* Base */ = {isa = PBXFileReference; lastKnownFileType = file.storyboard; name = Base; path = Base.lproj/LaunchScreen.storyboard; sourceTree = "<group>"; };
		979302D825B172A400D5BCBD /* Info.plist */ = {isa = PBXFileReference; lastKnownFileType = text.plist.xml; path = Info.plist; sourceTree = "<group>"; };
/* End PBXFileReference section */

/* Begin PBXFrameworksBuildPhase section */
		979302C425B1729F00D5BCBD /* Frameworks */ = {
			isa = PBXFrameworksBuildPhase;
			buildActionMask = 2147483647;
			files = (
			);
			runOnlyForDeploymentPostprocessing = 0;
		};
/* End PBXFrameworksBuildPhase section */

/* Begin PBXGroup section */
		979302BE25B1729F00D5BCBD = {
			isa = PBXGroup;
			children = (
				979302C925B1729F00D5BCBD /* 仿作天天記帳app */,
				979302C825B1729F00D5BCBD /* Products */,
			);
			sourceTree = "<group>";
		};
		979302C825B1729F00D5BCBD /* Products */ = {
			isa = PBXGroup;
			children = (
				979302C725B1729F00D5BCBD /* 仿作天天記帳app.app */,
			);
			name = Products;
			sourceTree = "<group>";
		};
		979302C925B1729F00D5BCBD /* 仿作天天記帳app */ = {
			isa = PBXGroup;
			children = (
				979302CA25B1729F00D5BCBD /* AppDelegate.swift */,
				979302CC25B1729F00D5BCBD /* SceneDelegate.swift */,
				979302CE25B1729F00D5BCBD /* ViewController.swift */,
				979302D025B1729F00D5BCBD /* Main.storyboard */,
				979302D325B172A400D5BCBD /* Assets.xcassets */,
				979302D525B172A400D5BCBD /* LaunchScreen.storyboard */,
				979302D825B172A400D5BCBD /* Info.plist */,
			);
			path = "仿作天天記帳app";
			sourceTree = "<group>";
		};
/* End PBXGroup section */

/* Begin PBXNativeTarget section */
		979302C625B1729F00D5BCBD /* 仿作天天記帳app */ = {
			isa = PBXNativeTarget;
			buildConfigurationList = 979302DB25B172A400D5BCBD /* Build configuration list for PBXNativeTarget "仿作天天記帳app" */;
			buildPhases = (
				979302C325B1729F00D5BCBD /* Sources */,
				979302C425B1729F00D5BCBD /* Frameworks */,
				979302C525B1729F00D5BCBD /* Resources */,
			);
			buildRules = (
			);
			dependencies = (
			);
			name = "仿作天天記帳app";
			productName = "仿作天天記帳app";
			productReference = 979302C725B1729F00D5BCBD /* 仿作天天記帳app.app */;
			productType = "com.apple.product-type.application";
		};
/* End PBXNativeTarget section */

/* Begin PBXProject section */
		979302BF25B1729F00D5BCBD /* Project object */ = {
			isa = PBXProject;
			attributes = {
				LastSwiftUpdateCheck = 1230;
				LastUpgradeCheck = 1230;
				TargetAttributes = {
					979302C625B1729F00D5BCBD = {
						CreatedOnToolsVersion = 12.3;
					};
				};
			};
			buildConfigurationList = 979302C225B1729F00D5BCBD /* Build configuration list for PBXProject "仿作天天記帳app" */;
			compatibilityVersion = "Xcode 9.3";
			developmentRegion = en;
			hasScannedForEncodings = 0;
			knownRegions = (
				en,
				Base,
			);
			mainGroup = 979302BE25B1729F00D5BCBD;
			productRefGroup = 979302C825B1729F00D5BCBD /* Products */;
			projectDirPath = "";
			projectRoot = "";
			targets = (
				979302C625B1729F00D5BCBD /* 仿作天天記帳app */,
			);
		};
/* End PBXProject section */

/* Begin PBXResourcesBuildPhase section */
		979302C525B1729F00D5BCBD /* Resources */ = {
			isa = PBXResourcesBuildPhase;
			buildActionMask = 2147483647;
			files = (
				979302D725B172A400D5BCBD /* LaunchScreen.storyboard in Resources */,
				979302D425B172A400D5BCBD /* Assets.xcassets in Resources */,
				979302D225B1729F00D5BCBD /* Main.storyboard in Resources */,
			);
			runOnlyForDeploymentPostprocessing = 0;
		};
/* End PBXResourcesBuildPhase section */

/* Begin PBXSourcesBuildPhase section */
		979302C325B1729F00D5BCBD /* Sources */ = {
			isa = PBXSourcesBuildPhase;
			buildActionMask = 2147483647;
			files = (
				979302CF25B1729F00D5BCBD /* ViewController.swift in Sources */,
				979302CB25B1729F00D5BCBD /* AppDelegate.swift in Sources */,
				979302CD25B1729F00D5BCBD /* SceneDelegate.swift in Sources */,
			);
			runOnlyForDeploymentPostprocessing = 0;
		};
/* End PBXSourcesBuildPhase section */

/* Begin PBXVariantGroup section */
		979302D025B1729F00D5BCBD /* Main.storyboard */ = {
			isa = PBXVariantGroup;
			children = (
				979302D125B1729F00D5BCBD /* Base */,
			);
			name = Main.storyboard;
			sourceTree = "<group>";
		};
		979302D525B172A400D5BCBD /* LaunchScreen.storyboard */ = {
			isa = PBXVariantGroup;
			children = (
				979302D625B172A400D5BCBD /* Base */,
			);
			name = LaunchScreen.storyboard;
			sourceTree = "<group>";
		};
/* End PBXVariantGroup section */

/* Begin XCBuildConfiguration section */
		979302D925B172A400D5BCBD /* Debug */ = {
			isa = XCBuildConfiguration;
			buildSettings = {
				ALWAYS_SEARCH_USER_PATHS = NO;
				CLANG_ANALYZER_NONNULL = YES;
				CLANG_ANALYZER_NUMBER_OBJECT_CONVERSION = YES_AGGRESSIVE;
				CLANG_CXX_LANGUAGE_STANDARD = "gnu++14";
				CLANG_CXX_LIBRARY = "libc++";
				CLANG_ENABLE_MODULES = YES;
				CLANG_ENABLE_OBJC_ARC = YES;
				CLANG_ENABLE_OBJC_WEAK = YES;
				CLANG_WARN_BLOCK_CAPTURE_AUTORELEASING = YES;
				CLANG_WARN_BOOL_CONVERSION = YES;
				CLANG_WARN_COMMA = YES;
				CLANG_WARN_CONSTANT_CONVERSION = YES;
				CLANG_WARN_DEPRECATED_OBJC_IMPLEMENTATIONS = YES;
				CLANG_WARN_DIRECT_OBJC_ISA_USAGE = YES_ERROR;
				CLANG_WARN_DOCUMENTATION_COMMENTS = YES;
				CLANG_WARN_EMPTY_BODY = YES;
				CLANG_WARN_ENUM_CONVERSION = YES;
				CLANG_WARN_INFINITE_RECURSION = YES;
				CLANG_WARN_INT_CONVERSION = YES;
				CLANG_WARN_NON_LITERAL_NULL_CONVERSION = YES;
				CLANG_WARN_OBJC_IMPLICIT_RETAIN_SELF = YES;
				CLANG_WARN_OBJC_LITERAL_CONVERSION = YES;
				CLANG_WARN_OBJC_ROOT_CLASS = YES_ERROR;
				CLANG_WARN_QUOTED_INCLUDE_IN_FRAMEWORK_HEADER = YES;
				CLANG_WARN_RANGE_LOOP_ANALYSIS = YES;
				CLANG_WARN_STRICT_PROTOTYPES = YES;
				CLANG_WARN_SUSPICIOUS_MOVE = YES;
				CLANG_WARN_UNGUARDED_AVAILABILITY = YES_AGGRESSIVE;
				CLANG_WARN_UNREACHABLE_CODE = YES;
				CLANG_WARN__DUPLICATE_METHOD_MATCH = YES;
				COPY_PHASE_STRIP = NO;
				DEBUG_INFORMATION_FORMAT = dwarf;
				ENABLE_STRICT_OBJC_MSGSEND = YES;
				ENABLE_TESTABILITY = YES;
				GCC_C_LANGUAGE_STANDARD = gnu11;
				GCC_DYNAMIC_NO_PIC = NO;
				GCC_NO_COMMON_BLOCKS = YES;
				GCC_OPTIMIZATION_LEVEL = 0;
				GCC_PREPROCESSOR_DEFINITIONS = (
					"DEBUG=1",
					"$(inherited)",
				);
				GCC_WARN_64_TO_32_BIT_CONVERSION = YES;
				GCC_WARN_ABOUT_RETURN_TYPE = YES_ERROR;
				GCC_WARN_UNDECLARED_SELECTOR = YES;
				GCC_WARN_UNINITIALIZED_AUTOS = YES_AGGRESSIVE;
				GCC_WARN_UNUSED_FUNCTION = YES;
				GCC_WARN_UNUSED_VARIABLE = YES;
				IPHONEOS_DEPLOYMENT_TARGET = 14.3;
				MTL_ENABLE_DEBUG_INFO = INCLUDE_SOURCE;
				MTL_FAST_MATH = YES;
				ONLY_ACTIVE_ARCH = YES;
				SDKROOT = iphoneos;
				SWIFT_ACTIVE_COMPILATION_CONDITIONS = DEBUG;
				SWIFT_OPTIMIZATION_LEVEL = "-Onone";
			};
			name = Debug;
		};
		979302DA25B172A400D5BCBD /* Release */ = {
			isa = XCBuildConfiguration;
			buildSettings = {
				ALWAYS_SEARCH_USER_PATHS = NO;
				CLANG_ANALYZER_NONNULL = YES;
				CLANG_ANALYZER_NUMBER_OBJECT_CONVERSION = YES_AGGRESSIVE;
				CLANG_CXX_LANGUAGE_STANDARD = "gnu++14";
				CLANG_CXX_LIBRARY = "libc++";
				CLANG_ENABLE_MODULES = YES;
				CLANG_ENABLE_OBJC_ARC = YES;
				CLANG_ENABLE_OBJC_WEAK = YES;
				CLANG_WARN_BLOCK_CAPTURE_AUTORELEASING = YES;
				CLANG_WARN_BOOL_CONVERSION = YES;
				CLANG_WARN_COMMA = YES;
				CLANG_WARN_CONSTANT_CONVERSION = YES;
				CLANG_WARN_DEPRECATED_OBJC_IMPLEMENTATIONS = YES;
				CLANG_WARN_DIRECT_OBJC_ISA_USAGE = YES_ERROR;
				CLANG_WARN_DOCUMENTATION_COMMENTS = YES;
				CLANG_WARN_EMPTY_BODY = YES;
				CLANG_WARN_ENUM_CONVERSION = YES;
				CLANG_WARN_INFINITE_RECURSION = YES;
				CLANG_WARN_INT_CONVERSION = YES;
				CLANG_WARN_NON_LITERAL_NULL_CONVERSION = YES;
				CLANG_WARN_OBJC_IMPLICIT_RETAIN_SELF = YES;
				CLANG_WARN_OBJC_LITERAL_CONVERSION = YES;
				CLANG_WARN_OBJC_ROOT_CLASS = YES_ERROR;
				CLANG_WARN_QUOTED_INCLUDE_IN_FRAMEWORK_HEADER = YES;
				CLANG_WARN_RANGE_LOOP_ANALYSIS = YES;
				CLANG_WARN_STRICT_PROTOTYPES = YES;
				CLANG_WARN_SUSPICIOUS_MOVE = YES;
				CLANG_WARN_UNGUARDED_AVAILABILITY = YES_AGGRESSIVE;
				CLANG_WARN_UNREACHABLE_CODE = YES;
				CLANG_WARN__DUPLICATE_METHOD_MATCH = YES;
				COPY_PHASE_STRIP = NO;
				DEBUG_INFORMATION_FORMAT = "dwarf-with-dsym";
				ENABLE_NS_ASSERTIONS = NO;
				ENABLE_STRICT_OBJC_MSGSEND = YES;
				GCC_C_LANGUAGE_STANDARD = gnu11;
				GCC_NO_COMMON_BLOCKS = YES;
				GCC_WARN_64_TO_32_BIT_CONVERSION = YES;
				GCC_WARN_ABOUT_RETURN_TYPE = YES_ERROR;
				GCC_WARN_UNDECLARED_SELECTOR = YES;
				GCC_WARN_UNINITIALIZED_AUTOS = YES_AGGRESSIVE;
				GCC_WARN_UNUSED_FUNCTION = YES;
				GCC_WARN_UNUSED_VARIABLE = YES;
				IPHONEOS_DEPLOYMENT_TARGET = 14.3;
				MTL_ENABLE_DEBUG_INFO = NO;
				MTL_FAST_MATH = YES;
				SDKROOT = iphoneos;
				SWIFT_COMPILATION_MODE = wholemodule;
				SWIFT_OPTIMIZATION_LEVEL = "-O";
				VALIDATE_PRODUCT = YES;
			};
			name = Release;
		};
		979302DC25B172A400D5BCBD /* Debug */ = {
			isa = XCBuildConfiguration;
			buildSettings = {
				ASSETCATALOG_COMPILER_APPICON_NAME = AppIcon;
				ASSETCATALOG_COMPILER_GLOBAL_ACCENT_COLOR_NAME = AccentColor;
				CODE_SIGN_STYLE = Automatic;
				DEVELOPMENT_TEAM = Y4V72DVS6K;
				INFOPLIST_FILE = "仿作天天記帳app/Info.plist";
				LD_RUNPATH_SEARCH_PATHS = (
					"$(inherited)",
					"@executable_path/Frameworks",
				);
				PRODUCT_BUNDLE_IDENTIFIER = "com.JeanYou.------app";
				PRODUCT_NAME = "$(TARGET_NAME)";
				SWIFT_VERSION = 5.0;
				TARGETED_DEVICE_FAMILY = "1,2";
			};
			name = Debug;
		};
		979302DD25B172A400D5BCBD /* Release */ = {
			isa = XCBuildConfiguration;
			buildSettings = {
				ASSETCATALOG_COMPILER_APPICON_NAME = AppIcon;
				ASSETCATALOG_COMPILER_GLOBAL_ACCENT_COLOR_NAME = AccentColor;
				CODE_SIGN_STYLE = Automatic;
				DEVELOPMENT_TEAM = Y4V72DVS6K;
				INFOPLIST_FILE = "仿作天天記帳app/Info.plist";
				LD_RUNPATH_SEARCH_PATHS = (
					"$(inherited)",
					"@executable_path/Frameworks",
				);
				PRODUCT_BUNDLE_IDENTIFIER = "com.JeanYou.------app";
				PRODUCT_NAME = "$(TARGET_NAME)";
				SWIFT_VERSION = 5.0;
				TARGETED_DEVICE_FAMILY = "1,2";
			};
			name = Release;
		};
/* End XCBuildConfiguration section */

/* Begin XCConfigurationList section */
		979302C225B1729F00D5BCBD /* Build configuration list for PBXProject "仿作天天記帳app" */ = {
			isa = XCConfigurationList;
			buildConfigurations = (
				979302D925B172A400D5BCBD /* Debug */,
				979302DA25B172A400D5BCBD /* Release */,
			);
			defaultConfigurationIsVisible = 0;
			defaultConfigurationName = Release;
		};
		979302DB25B172A400D5BCBD /* Build configuration list for PBXNativeTarget "仿作天天記帳app" */ = {
			isa = XCConfigurationList;
			buildConfigurations = (
				979302DC25B172A400D5BCBD /* Debug */,
				979302DD25B172A400D5BCBD /* Release */,
			);
			defaultConfigurationIsVisible = 0;
			defaultConfigurationName = Release;
		};
/* End XCConfigurationList section */
	};
	rootObject = 979302BF25B1729F00D5BCBD /* Project object */;
}
